version = 1
revision = 3
requires-python = ">=3.13"

[[package]]
name = "bfd-mgmt-mount-certstores"
version = "1.0.0"
source = { virtual = "." }
dependencies = [
    { name = "boto3" },
    { name = "click" },
]

[package.dev-dependencies]
dev = [
    { name = "boto3-stubs", extra = ["s3", "ssm"] },
    { name = "ruff" },
    { name = "uv" },
]

[package.metadata]
requires-dist = [
    { name = "boto3" },
    { name = "click" },
]

[package.metadata.requires-dev]
dev = [
    { name = "boto3-stubs", extras = ["s3", "ssm"] },
    { name = "ruff" },
    { name = "uv" },
]

[[package]]
name = "boto3"
version = "1.37.12"
source = { registry = "https://pypi.org/simple" }
dependencies = [
    { name = "botocore" },
    { name = "jmespath" },
    { name = "s3transfer" },
]
sdist = { url = "https://files.pythonhosted.org/packages/39/36/03f64be665ae27d149ade9fe1ec5d4c83101fb26865d1246c81b6a399882/boto3-1.37.12.tar.gz", hash = "sha256:9412d404f103ad6d14f033eb29cd5e0cdca2b9b08cbfa9d4dabd1d7be2de2625", size = 111402, upload-time = "2025-03-13T19:19:24.856Z" }
wheels = [
    { url = "https://files.pythonhosted.org/packages/ce/1c/edfd0b54395849c57fdb21f1db697d05c04d0c4b957111130e03e74d2807/boto3-1.37.12-py3-none-any.whl", hash = "sha256:516feaa0d2afaeda1515216fd09291368a1215754bbccb0f28414c0a91a830a2", size = 139551, upload-time = "2025-03-13T19:19:22.542Z" },
]

[[package]]
name = "boto3-stubs"
version = "1.37.12"
source = { registry = "https://pypi.org/simple" }
dependencies = [
    { name = "botocore-stubs" },
    { name = "types-s3transfer" },
]
sdist = { url = "https://files.pythonhosted.org/packages/35/3b/d99ca10af6cf7d88052bf75b398847dd50eb1603ad73ccfb5a647a15af6d/boto3_stubs-1.37.12.tar.gz", hash = "sha256:3c7974a3c8ad464334d7e6f5a092b9308cb82f23683d2e259c1d8a7dad271c17", size = 98884, upload-time = "2025-03-13T19:29:46.951Z" }
wheels = [
    { url = "https://files.pythonhosted.org/packages/f0/4e/f1224295fc79992d8b0294562ee8bada38655381686ec4c1bede69de9bf0/boto3_stubs-1.37.12-py3-none-any.whl", hash = "sha256:ce91fcd2845b15293864f77ae77cdaadd67b2cf0de4dffbba84f75eec8f96150", size = 68405, upload-time = "2025-03-13T19:29:37.706Z" },
]

[package.optional-dependencies]
s3 = [
    { name = "mypy-boto3-s3" },
]
ssm = [
    { name = "mypy-boto3-ssm" },
]

[[package]]
name = "botocore"
version = "1.37.12"
source = { registry = "https://pypi.org/simple" }
dependencies = [
    { name = "jmespath" },
    { name = "python-dateutil" },
    { name = "urllib3" },
]
sdist = { url = "https://files.pythonhosted.org/packages/f1/12/7e685d2f32f646ddcde297c18c52122a5c8676105cb876b6702e515857ad/botocore-1.37.12.tar.gz", hash = "sha256:ae2d5328ce6ad02eb615270507235a6e90fd3eeed615a6c0732b5a68b12f2017", size = 13648734, upload-time = "2025-03-13T19:19:11.87Z" }
wheels = [
    { url = "https://files.pythonhosted.org/packages/f4/45/7db93d9b0b2d9060684af08d8fba1245b47fed41d7ed8c3d9f5c7efbe261/botocore-1.37.12-py3-none-any.whl", hash = "sha256:ba1948c883bbabe20d95ff62c3e36954c9269686f7db9361857835677ca3e676", size = 13410913, upload-time = "2025-03-13T19:19:06.927Z" },
]

[[package]]
name = "botocore-stubs"
version = "1.37.12"
source = { registry = "https://pypi.org/simple" }
dependencies = [
    { name = "types-awscrt" },
]
sdist = { url = "https://files.pythonhosted.org/packages/80/ea/43a35be457d8691ad6cbecb66392ea8602e590a28f1f353534636f4d5ced/botocore_stubs-1.37.12.tar.gz", hash = "sha256:db834e6c5f0043a7dcb39f2c5f12c7434a835c477d91aa20bc2ce7fac588dadb", size = 42107, upload-time = "2025-03-13T20:16:39.828Z" }
wheels = [
    { url = "https://files.pythonhosted.org/packages/57/67/e4e93a33ab03554e424a97dfe884cde3062825096e7d7929f06594ff3d5e/botocore_stubs-1.37.12-py3-none-any.whl", hash = "sha256:474ed3dd1e07e60da16b5be229d5f61fe3563eb7d815ff29e58a0e855623e195", size = 65384, upload-time = "2025-03-13T20:16:37.697Z" },
]

[[package]]
name = "click"
version = "8.1.8"
source = { registry = "https://pypi.org/simple" }
dependencies = [
    { name = "colorama", marker = "sys_platform == 'win32'" },
]
sdist = { url = "https://files.pythonhosted.org/packages/b9/2e/0090cbf739cee7d23781ad4b89a9894a41538e4fcf4c31dcdd705b78eb8b/click-8.1.8.tar.gz", hash = "sha256:ed53c9d8990d83c2a27deae68e4ee337473f6330c040a31d4225c9574d16096a", size = 226593, upload-time = "2024-12-21T18:38:44.339Z" }
wheels = [
    { url = "https://files.pythonhosted.org/packages/7e/d4/7ebdbd03970677812aac39c869717059dbb71a4cfc033ca6e5221787892c/click-8.1.8-py3-none-any.whl", hash = "sha256:63c132bbbed01578a06712a2d1f497bb62d9c1c0d329b7903a866228027263b2", size = 98188, upload-time = "2024-12-21T18:38:41.666Z" },
]

[[package]]
name = "colorama"
version = "0.4.6"
source = { registry = "https://pypi.org/simple" }
sdist = { url = "https://files.pythonhosted.org/packages/d8/53/6f443c9a4a8358a93a6792e2acffb9d9d5cb0a5cfd8802644b7b1c9a02e4/colorama-0.4.6.tar.gz", hash = "sha256:08695f5cb7ed6e0531a20572697297273c47b8cae5a63ffc6d6ed5c201be6e44", size = 27697, upload-time = "2022-10-25T02:36:22.414Z" }
wheels = [
    { url = "https://files.pythonhosted.org/packages/d1/d6/3965ed04c63042e047cb6a3e6ed1a63a35087b6a609aa3a15ed8ac56c221/colorama-0.4.6-py2.py3-none-any.whl", hash = "sha256:4f1d9991f5acc0ca119f9d443620b77f9d6b33703e51011c16baf57afb285fc6", size = 25335, upload-time = "2022-10-25T02:36:20.889Z" },
]

[[package]]
name = "jmespath"
version = "1.0.1"
source = { registry = "https://pypi.org/simple" }
sdist = { url = "https://files.pythonhosted.org/packages/00/2a/e867e8531cf3e36b41201936b7fa7ba7b5702dbef42922193f05c8976cd6/jmespath-1.0.1.tar.gz", hash = "sha256:90261b206d6defd58fdd5e85f478bf633a2901798906be2ad389150c5c60edbe", size = 25843, upload-time = "2022-06-17T18:00:12.224Z" }
wheels = [
    { url = "https://files.pythonhosted.org/packages/31/b4/b9b800c45527aadd64d5b442f9b932b00648617eb5d63d2c7a6587b7cafc/jmespath-1.0.1-py3-none-any.whl", hash = "sha256:02e2e4cc71b5bcab88332eebf907519190dd9e6e82107fa7f83b1003a6252980", size = 20256, upload-time = "2022-06-17T18:00:10.251Z" },
]

[[package]]
name = "mypy-boto3-s3"
version = "1.37.0"
source = { registry = "https://pypi.org/simple" }
sdist = { url = "https://files.pythonhosted.org/packages/e9/51/14726c0bef944a8a6833bf1aae1c78f60868ffb4461869b387c0648bc325/mypy_boto3_s3-1.37.0.tar.gz", hash = "sha256:bc6ec4cbbd8e0206143d9b1f24927e086a2467a2c6a641feb978599d75954e82", size = 73697, upload-time = "2025-02-24T22:37:21.679Z" }
wheels = [
    { url = "https://files.pythonhosted.org/packages/4e/04/98084554f04a4c733cbe737b9c0a5fc06c33be1704c7acbfc620aae2af37/mypy_boto3_s3-1.37.0-py3-none-any.whl", hash = "sha256:d2b702649d7ebb2bd2b8f574fd51b35fc2a2ec4a8efb590db5eb0d0d9f74be6f", size = 80244, upload-time = "2025-02-24T22:37:19.082Z" },
]

[[package]]
name = "mypy-boto3-ssm"
version = "1.37.4"
source = { registry = "https://pypi.org/simple" }
sdist = { url = "https://files.pythonhosted.org/packages/31/58/db8eea8b9ec7a9cd58dba6fda4406c188caf3e03860919012f889d8f7b6c/mypy_boto3_ssm-1.37.4.tar.gz", hash = "sha256:7e7869788aa4db85171278990a115a76425b2de6db28074a1f166b946ecca522", size = 93428, upload-time = "2025-02-28T20:44:18.367Z" }
wheels = [
    { url = "https://files.pythonhosted.org/packages/a9/49/a0d6c80a635c2cd2efcb4fa98261dfc44025942eaee5c2e56781a9b512d9/mypy_boto3_ssm-1.37.4-py3-none-any.whl", hash = "sha256:db8097b631ccba425a5bc65c189f2e2933ac908671e4d436195c75f22305cab6", size = 94789, upload-time = "2025-02-28T20:44:13.09Z" },
]

[[package]]
name = "python-dateutil"
version = "2.9.0.post0"
source = { registry = "https://pypi.org/simple" }
dependencies = [
    { name = "six" },
]
sdist = { url = "https://files.pythonhosted.org/packages/66/c0/0c8b6ad9f17a802ee498c46e004a0eb49bc148f2fd230864601a86dcf6db/python-dateutil-2.9.0.post0.tar.gz", hash = "sha256:37dd54208da7e1cd875388217d5e00ebd4179249f90fb72437e91a35459a0ad3", size = 342432, upload-time = "2024-03-01T18:36:20.211Z" }
wheels = [
    { url = "https://files.pythonhosted.org/packages/ec/57/56b9bcc3c9c6a792fcbaf139543cee77261f3651ca9da0c93f5c1221264b/python_dateutil-2.9.0.post0-py2.py3-none-any.whl", hash = "sha256:a8b2bc7bffae282281c8140a97d3aa9c14da0b136dfe83f850eea9a5f7470427", size = 229892, upload-time = "2024-03-01T18:36:18.57Z" },
]

[[package]]
name = "ruff"
version = "0.10.0"
source = { registry = "https://pypi.org/simple" }
sdist = { url = "https://files.pythonhosted.org/packages/4c/ec/9c59d2956566517c98ac8267554f4eaceafb2a19710a429368518b7fab43/ruff-0.10.0.tar.gz", hash = "sha256:fa1554e18deaf8aa097dbcfeafaf38b17a2a1e98fdc18f50e62e8a836abee392", size = 3789921, upload-time = "2025-03-13T18:38:05.228Z" }
wheels = [
    { url = "https://files.pythonhosted.org/packages/bf/3f/742afe91b43def2a75990b293c676355576c0ff9cdbcf4249f78fa592544/ruff-0.10.0-py3-none-linux_armv6l.whl", hash = "sha256:46a2aa0eaae5048e5f804f0be9489d8a661633e23277b7293089e70d5c1a35c4", size = 10078369, upload-time = "2025-03-13T18:37:20.499Z" },
    { url = "https://files.pythonhosted.org/packages/8d/a0/8696fb4862e82f7b40bbbc2917137594b22826cc62d77278a91391507514/ruff-0.10.0-py3-none-macosx_10_12_x86_64.whl", hash = "sha256:775a6bc61af9dd0a2e1763406522a137e62aabb743d8b43ed95f019cdd1526c7", size = 10876912, upload-time = "2025-03-13T18:37:24.184Z" },
    { url = "https://files.pythonhosted.org/packages/40/aa/0d48b7b7d7a1f168bb8fd893ed559d633c7d68c4a8ef9b996f0c2bd07aca/ruff-0.10.0-py3-none-macosx_11_0_arm64.whl", hash = "sha256:8b03e6fcd39d20f0004f9956f0ed5eadc404d3a299f9d9286323884e3b663730", size = 10229962, upload-time = "2025-03-13T18:37:28.211Z" },
    { url = "https://files.pythonhosted.org/packages/21/de/861ced2f75b045d8cfc038d68961d8ac117344df1f43a11abdd05bf7991b/ruff-0.10.0-py3-none-manylinux_2_17_aarch64.manylinux2014_aarch64.whl", hash = "sha256:621101d1af80248827f2409a78c8177c8319986a57b4663613b9c72f8617bfcd", size = 10404627, upload-time = "2025-03-13T18:37:30.626Z" },
    { url = "https://files.pythonhosted.org/packages/21/69/666e0b840191c3ce433962c0d05fc0f6800afe259ea5d230cc731655d8e2/ruff-0.10.0-py3-none-manylinux_2_17_armv7l.manylinux2014_armv7l.whl", hash = "sha256:e2dfe85cb6bfbd4259801e7d4982f2a72bdbd5749dc73a09d68a6dbf77f2209a", size = 9939383, upload-time = "2025-03-13T18:37:33.186Z" },
    { url = "https://files.pythonhosted.org/packages/76/bf/34a2adc58092c99cdfa9f1303acd82d840d56412022e477e2ab20c261d2d/ruff-0.10.0-py3-none-manylinux_2_17_i686.manylinux2014_i686.whl", hash = "sha256:43ac3879a20c22fdc57e559f0bb27f0c71828656841d0b42d3505b1e5b3a83c8", size = 11492269, upload-time = "2025-03-13T18:37:35.377Z" },
    { url = "https://files.pythonhosted.org/packages/31/3d/f7ccfcf69f15948623b190feea9d411d5029ae39725fcc078f8d43bd07a6/ruff-0.10.0-py3-none-manylinux_2_17_ppc64.manylinux2014_ppc64.whl", hash = "sha256:ef5e3aac421bbc62f8a7aab21edd49a359ed42205f7a5091a74386bca1efa293", size = 12186939, upload-time = "2025-03-13T18:37:38.381Z" },
    { url = "https://files.pythonhosted.org/packages/6e/3e/c557c0abfdea85c7d238a3cb238c73e7b6d17c30a584234c4fd8fe2cafb6/ruff-0.10.0-py3-none-manylinux_2_17_ppc64le.manylinux2014_ppc64le.whl", hash = "sha256:9f4f62d7fac8b748fce67ad308116b4d4cc1a9f964b4804fc5408fbd06e13ba9", size = 11655896, upload-time = "2025-03-13T18:37:40.753Z" },
    { url = "https://files.pythonhosted.org/packages/3b/8e/3bfa110f37e5192eb3943f14943d05fbb9a76fea380aa87655e6f6276a54/ruff-0.10.0-py3-none-manylinux_2_17_s390x.manylinux2014_s390x.whl", hash = "sha256:02f9f6205c5b0d626f98da01a0e75b724a64c21c554bba24b12522c9e9ba6a04", size = 13885502, upload-time = "2025-03-13T18:37:43.226Z" },
    { url = "https://files.pythonhosted.org/packages/51/4a/22cdab59b5563dd7f4c504d0f1e6bb25fc800a5a057395bc24f8ff3a85b2/ruff-0.10.0-py3-none-manylinux_2_17_x86_64.manylinux2014_x86_64.whl", hash = "sha256:46a97f3d55f68464c48d1e929a8582c7e5bb80ac73336bbc7b0da894d8e6cd9e", size = 11344767, upload-time = "2025-03-13T18:37:46.656Z" },
    { url = "https://files.pythonhosted.org/packages/3d/0f/8f85de2ac565f82f47c6d8fb7ae04383e6300560f2d1b91c1268ff91e507/ruff-0.10.0-py3-none-musllinux_1_2_aarch64.whl", hash = "sha256:a0b811197d0dc96c13d610f8cfdc56030b405bcff5c2f10eab187b329da0ca4a", size = 10300331, upload-time = "2025-03-13T18:37:48.682Z" },
    { url = "https://files.pythonhosted.org/packages/90/4a/b337df327832cb30bd8607e8d1fdf1b6b5ca228307d5008dd49028fb66ae/ruff-0.10.0-py3-none-musllinux_1_2_armv7l.whl", hash = "sha256:a13a3fda0870c1c964b47ff5d73805ae80d2a9de93ee2d185d453b8fddf85a84", size = 9926551, upload-time = "2025-03-13T18:37:50.698Z" },
    { url = "https://files.pythonhosted.org/packages/d7/e9/141233730b85675ac806c4b62f70516bd9c0aae8a55823f3a6589ed411be/ruff-0.10.0-py3-none-musllinux_1_2_i686.whl", hash = "sha256:6ceb8d9f062e90ddcbad929f6136edf764bbf6411420a07e8357602ea28cd99f", size = 10925061, upload-time = "2025-03-13T18:37:53.28Z" },
    { url = "https://files.pythonhosted.org/packages/24/09/02987935b55c2d353a226ac1b4f9718830e2e195834929f46c07eeede746/ruff-0.10.0-py3-none-musllinux_1_2_x86_64.whl", hash = "sha256:c41d07d573617ed2f287ea892af2446fd8a8d877481e8e1ba6928e020665d240", size = 11394949, upload-time = "2025-03-13T18:37:55.375Z" },
    { url = "https://files.pythonhosted.org/packages/d6/ec/054f9879fb6f4122d43ffe5c9f88c8c323a9cd14220d5c813aea5805e02c/ruff-0.10.0-py3-none-win32.whl", hash = "sha256:76e2de0cbdd587e373cd3b4050d2c45babdd7014c1888a6f121c29525c748a15", size = 10272077, upload-time = "2025-03-13T18:37:57.913Z" },
    { url = "https://files.pythonhosted.org/packages/6e/49/915d8682f24645b904fe6a1aac36101464fc814923fdf293c1388dc5533c/ruff-0.10.0-py3-none-win_amd64.whl", hash = "sha256:f943acdecdcc6786a8d1dad455dd9f94e6d57ccc115be4993f9b52ef8316027a", size = 11393300, upload-time = "2025-03-13T18:38:00.414Z" },
    { url = "https://files.pythonhosted.org/packages/82/ed/5c59941634c9026ceeccc7c119f23f4356f09aafd28c15c1bc734ac66b01/ruff-0.10.0-py3-none-win_arm64.whl", hash = "sha256:935a943bdbd9ff0685acd80d484ea91088e27617537b5f7ef8907187d19d28d0", size = 10510133, upload-time = "2025-03-13T18:38:02.91Z" },
]

[[package]]
name = "s3transfer"
version = "0.11.4"
source = { registry = "https://pypi.org/simple" }
dependencies = [
    { name = "botocore" },
]
sdist = { url = "https://files.pythonhosted.org/packages/0f/ec/aa1a215e5c126fe5decbee2e107468f51d9ce190b9763cb649f76bb45938/s3transfer-0.11.4.tar.gz", hash = "sha256:559f161658e1cf0a911f45940552c696735f5c74e64362e515f333ebed87d679", size = 148419, upload-time = "2025-03-04T20:29:15.012Z" }
wheels = [
    { url = "https://files.pythonhosted.org/packages/86/62/8d3fc3ec6640161a5649b2cddbbf2b9fa39c92541225b33f117c37c5a2eb/s3transfer-0.11.4-py3-none-any.whl", hash = "sha256:ac265fa68318763a03bf2dc4f39d5cbd6a9e178d81cc9483ad27da33637e320d", size = 84412, upload-time = "2025-03-04T20:29:13.433Z" },
]

[[package]]
name = "six"
version = "1.17.0"
source = { registry = "https://pypi.org/simple" }
sdist = { url = "https://files.pythonhosted.org/packages/94/e7/b2c673351809dca68a0e064b6af791aa332cf192da575fd474ed7d6f16a2/six-1.17.0.tar.gz", hash = "sha256:ff70335d468e7eb6ec65b95b99d3a2836546063f63acc5171de367e834932a81", size = 34031, upload-time = "2024-12-04T17:35:28.174Z" }
wheels = [
    { url = "https://files.pythonhosted.org/packages/b7/ce/149a00dd41f10bc29e5921b496af8b574d8413afcd5e30dfa0ed46c2cc5e/six-1.17.0-py2.py3-none-any.whl", hash = "sha256:4721f391ed90541fddacab5acf947aa0d3dc7d27b2e1e8eda2be8970586c3274", size = 11050, upload-time = "2024-12-04T17:35:26.475Z" },
]

[[package]]
name = "types-awscrt"
version = "0.24.1"
source = { registry = "https://pypi.org/simple" }
sdist = { url = "https://files.pythonhosted.org/packages/88/6e/32779b967eee6ef627eaf10f3414163482b3980fc45ba21765fdd05359d4/types_awscrt-0.24.1.tar.gz", hash = "sha256:fc6eae56f8dc5a3f8cc93cc2c7c332fa82909f8284fbe25e014c575757af397d", size = 15450, upload-time = "2025-03-11T01:39:53.514Z" }
wheels = [
    { url = "https://files.pythonhosted.org/packages/a6/1a/22e327d29fe231a10ed00e35ed2a100d2462cea253c3d24d41162769711a/types_awscrt-0.24.1-py3-none-any.whl", hash = "sha256:f3f2578ff74a254a79882b95961fb493ba217cebc350b3eb239d1cd948d4d7fa", size = 19414, upload-time = "2025-03-11T01:39:52.368Z" },
]

[[package]]
name = "types-s3transfer"
version = "0.11.4"
source = { registry = "https://pypi.org/simple" }
sdist = { url = "https://files.pythonhosted.org/packages/93/a9/440d8ba72a81bcf2cc5a56ef63f23b58ce93e7b9b62409697553bdcdd181/types_s3transfer-0.11.4.tar.gz", hash = "sha256:05fde593c84270f19fd053f0b1e08f5a057d7c5f036b9884e68fb8cd3041ac30", size = 14074, upload-time = "2025-03-05T20:05:29.183Z" }
wheels = [
    { url = "https://files.pythonhosted.org/packages/d0/69/0b5ae42c3c33d31a32f7dcb9f35a3e327365360a6e4a2a7b491904bd38aa/types_s3transfer-0.11.4-py3-none-any.whl", hash = "sha256:2a76d92c07d4a3cb469e5343b2e7560e0b8078b2e03696a65407b8c44c861b61", size = 19516, upload-time = "2025-03-05T20:05:27.746Z" },
]

[[package]]
name = "urllib3"
version = "2.7.0"
source = { registry = "https://pypi.org/simple" }
sdist = { url = "https://files.pythonhosted.org/packages/53/0c/06f8b233b8fd13b9e5ee11424ef85419ba0d8ba0b3138bf360be2ff56953/urllib3-2.7.0.tar.gz", hash = "sha256:231e0ec3b63ceb14667c67be60f2f2c40a518cb38b03af60abc813da26505f4c", size = 433602, upload-time = "2026-05-07T16:13:18.596Z" }
wheels = [
    { url = "https://files.pythonhosted.org/packages/7f/3e/5db95bcf282c52709639744ca2a8b149baccf648e39c8cc87553df9eae0c/urllib3-2.7.0-py3-none-any.whl", hash = "sha256:9fb4c81ebbb1ce9531cce37674bbc6f1360472bc18ca9a553ede278ef7276897", size = 131087, upload-time = "2026-05-07T16:13:17.151Z" },
]

[[package]]
name = "uv"
version = "0.11.15"
source = { registry = "https://pypi.org/simple" }
sdist = { url = "https://files.pythonhosted.org/packages/da/34/609d5d01ba21dc8f0974610ca7802fbb2c946a0c38665cfe5c5aeddbefb5/uv-0.11.15.tar.gz", hash = "sha256:755f959ec6a2fd8ccb6ee76ad90ab759d2eb1f4797444078645dd1ee4bca92d6", size = 4159545, upload-time = "2026-05-18T19:57:48.133Z" }
wheels = [
    { url = "https://files.pythonhosted.org/packages/a6/7c/dcc230c5911884d8848145dabcac8fb95a5ed6f9fe1c57fae8242618f28a/uv-0.11.15-py3-none-linux_armv6l.whl", hash = "sha256:83b04ab49514a0a761ffedb36a748ee81f87746671e72088e5f32c9585e5f1a9", size = 23110183, upload-time = "2026-05-18T19:57:23.051Z" },
    { url = "https://files.pythonhosted.org/packages/f4/f3/efd4e044b60eb9c3c12ee386be098d56c335538ccec7caa49349cfba9344/uv-0.11.15-py3-none-macosx_10_12_x86_64.whl", hash = "sha256:b6cae61f737be075b90be9e3f07d961072aed7019f4c9b8ed5c5d41c4d6cade3", size = 22637941, upload-time = "2026-05-18T19:57:26.752Z" },
    { url = "https://files.pythonhosted.org/packages/a6/b8/48627f895a1569e576822e0a8416aa4797eb4a4551de21a4ad97b9b5819d/uv-0.11.15-py3-none-macosx_11_0_arm64.whl", hash = "sha256:9accae33619a9166e5c48531deb455d672cfb89f9357a00975e669c76b0bd49f", size = 21258803, upload-time = "2026-05-18T19:57:05.473Z" },
    { url = "https://files.pythonhosted.org/packages/af/50/4bc8a148274feabee2d9c9f1fa15009e10c0228dfe57981ee3ea2ef1d481/uv-0.11.15-py3-none-manylinux_2_17_aarch64.manylinux2014_aarch64.musllinux_1_1_aarch64.whl", hash = "sha256:c0cf52cd6d50bb9e05e2d968f45f80761107e4cbc8d4a26d9758f9d8274aaec1", size = 23066178, upload-time = "2026-05-18T19:57:33.058Z" },
    { url = "https://files.pythonhosted.org/packages/a9/56/139fc3bec9a8b0a25bfe2196123adb9f16124da437bf4fbcf0d21cfcafb2/uv-0.11.15-py3-none-manylinux_2_17_armv7l.manylinux2014_armv7l.musllinux_1_1_armv7l.whl", hash = "sha256:49dc6ed70bff00937384f96cdc4b1a4742d18e5504ec2c4a1214dba2dee5687a", size = 22705332, upload-time = "2026-05-18T19:57:36.714Z" },
    { url = "https://files.pythonhosted.org/packages/ca/b0/b18b3dd204f8c213236a1ebd148e009861637129a8cce34df0e9aa22ed40/uv-0.11.15-py3-none-manylinux_2_17_armv7l.manylinux2014_armv7l.whl", hash = "sha256:adb9a89352539fdd8f7cd5f9966cf9f94fc5b98e0ccdf5003a04123dc6423bec", size = 22707534, upload-time = "2026-05-18T19:58:04.117Z" },
    { url = "https://files.pythonhosted.org/packages/76/36/3ca09f95572df99d361b49c96b1297149e96e120d8d1ecf074095a4b6da4/uv-0.11.15-py3-none-manylinux_2_17_i686.manylinux2014_i686.whl", hash = "sha256:40ff67e3f8e8a7533781a2e892a534975a93acb83ea35460e64e7b2bf2111774", size = 24096607, upload-time = "2026-05-18T19:58:11.625Z" },
    { url = "https://files.pythonhosted.org/packages/64/be/3bdee21a296bbf5336a526e3613d0e7d4538dacc39c62d7fcba55d15f6b0/uv-0.11.15-py3-none-manylinux_2_17_ppc64le.manylinux2014_ppc64le.whl", hash = "sha256:c6463a299ed7e6b5a800ed6f108af8e1588352629424133ddef7572b0e1e1118", size = 25082562, upload-time = "2026-05-18T19:57:40.69Z" },
    { url = "https://files.pythonhosted.org/packages/cd/73/f371f3689ffe741066468d001d85f739fc4b5574de83b639ef19b5e8a7f4/uv-0.11.15-py3-none-manylinux_2_17_s390x.manylinux2014_s390x.whl", hash = "sha256:68c1e62d4b78578b90b833553286b65d6a7e327537716441068583ba652ec4f5", size = 24253391, upload-time = "2026-05-18T19:57:18.47Z" },
    { url = "https://files.pythonhosted.org/packages/d3/16/fe392d618af6b00c064b3e718d585dcf791546a77c5123a5bec07ce53a0a/uv-0.11.15-py3-none-manylinux_2_17_x86_64.manylinux2014_x86_64.whl", hash = "sha256:98edf1bdaf82447014852051d93e3ee95012509c567bf057fd117e6bdbd9a807", size = 24415871, upload-time = "2026-05-18T19:58:19.651Z" },
    { url = "https://files.pythonhosted.org/packages/6e/24/2e92a052fb6334fcd746d1c7cb57847c204b118c84f5da53c0f9e129f7b7/uv-0.11.15-py3-none-manylinux_2_28_aarch64.whl", hash = "sha256:be8f76d25bcf4c92bb384240ac1bf9aa7f51063d0bdeca4c9cf0ec3ed8b145e0", size = 23159007, upload-time = "2026-05-18T19:57:10.653Z" },
    { url = "https://files.pythonhosted.org/packages/3d/2e/6923d0658d164bb2c435ed1868aa2d49b3074594679917a001ff92dc95bb/uv-0.11.15-py3-none-manylinux_2_31_riscv64.musllinux_1_1_riscv64.whl", hash = "sha256:f9f4fbbf4fe485522054f3c7496c6e8e932d6436e4200ff3daf718db0b7c7bd5", size = 23769385, upload-time = "2026-05-18T19:58:15.856Z" },
    { url = "https://files.pythonhosted.org/packages/a4/99/7e34cd949e57360814e8064cc9fb7104df445d0f6a663504e5f7473480aa/uv-0.11.15-py3-none-manylinux_2_31_riscv64.whl", hash = "sha256:0ed920e896b2fd13a35031707e307e42fbb2681458b967440a17272d86d49137", size = 23860973, upload-time = "2026-05-18T19:57:55.575Z" },
    { url = "https://files.pythonhosted.org/packages/28/98/8fe1f5f9d816e94569a0298dd8e0936801097625fa1952162951f0d628b6/uv-0.11.15-py3-none-musllinux_1_1_i686.whl", hash = "sha256:41d907611f3e6a13262807fd7f0a17849f76285ca80f536f6b3943732bdc6656", size = 23431392, upload-time = "2026-05-18T19:57:59.814Z" },
    { url = "https://files.pythonhosted.org/packages/cc/6b/76a1ce2fa860026913a5941700cdc7d715fce9c3277a3fa3489cf2523ca0/uv-0.11.15-py3-none-musllinux_1_1_x86_64.whl", hash = "sha256:e3b68f8bf1a4568710f77e5bda9182ce7682811d89a8e7468c22460e032b234d", size = 24519478, upload-time = "2026-05-18T19:57:51.165Z" },
    { url = "https://files.pythonhosted.org/packages/43/60/1d58e8a05718cb50494763115710b73846cacb651fd735d285233fd72c59/uv-0.11.15-py3-none-win32.whl", hash = "sha256:8e2da3076761086a5b76869c3f38ef0509c836046ef41ddd19485dfd7271dca9", size = 22020178, upload-time = "2026-05-18T19:58:07.64Z" },
    { url = "https://files.pythonhosted.org/packages/55/53/40fcefcb348af660488597ed3c01363df7344e60611f8883750dc596f5c6/uv-0.11.15-py3-none-win_amd64.whl", hash = "sha256:cc3915ab291a1ecaf31de05f5d8bd70d09c66fe9911a53f70d9efa62ff0dbd8a", size = 24668779, upload-time = "2026-05-18T19:57:44.894Z" },
    { url = "https://files.pythonhosted.org/packages/e5/7d/fa3a9960c95af9bbe2a629048760d0b9b4fead8ccd4f2235af747ec7cdf0/uv-0.11.15-py3-none-win_arm64.whl", hash = "sha256:4f39426a13dee24897aed60c4b98058c66f18bd983885ac5f4a54a04b24fbddf", size = 23198178, upload-time = "2026-05-18T19:57:14.68Z" },
]
