version = 1
revision = 3
requires-python = ">=3.13"

[[package]]
name = "boto3"
version = "1.38.30"
source = { registry = "https://pypi.org/simple" }
dependencies = [
    { name = "botocore" },
    { name = "jmespath" },
    { name = "s3transfer" },
]
sdist = { url = "https://files.pythonhosted.org/packages/6f/a0/24b6c44af60a242318353cefe3494711a71e1a61a62083b5b949a0d4049b/boto3-1.38.30.tar.gz", hash = "sha256:17af769544b5743843bcc732709b43226de19f1ebff2c324a3440bbecbddb893", size = 111801, upload-time = "2025-06-04T19:22:52.709Z" }
wheels = [
    { url = "https://files.pythonhosted.org/packages/3b/f3/6f98c044b81b93587db6b920723541ef5e90aa93804ce15ea4ff4776be81/boto3-1.38.30-py3-none-any.whl", hash = "sha256:949df0a0edd360f4ad60f1492622eecf98a359a2f72b1e236193d9b320c5dc8c", size = 139936, upload-time = "2025-06-04T19:22:49.171Z" },
]

[[package]]
name = "botocore"
version = "1.38.30"
source = { registry = "https://pypi.org/simple" }
dependencies = [
    { name = "jmespath" },
    { name = "python-dateutil" },
    { name = "urllib3" },
]
sdist = { url = "https://files.pythonhosted.org/packages/55/e6/2eaaf27202477306a637f521bff7230c9a9cdfb89d938db32c256fd18f54/botocore-1.38.30.tar.gz", hash = "sha256:7836c5041c5f249431dbd5471c61db17d4053f72a1d6e3b2197c07ca0839588b", size = 13942340, upload-time = "2025-06-04T19:22:39.136Z" }
wheels = [
    { url = "https://files.pythonhosted.org/packages/e3/cd/04fc0032a98196c34f46d7ea58c9f3e32eb3ad430a1e37e433a3049fd6ea/botocore-1.38.30-py3-none-any.whl", hash = "sha256:530e40a6e91c8a096cab17fcc590d0c7227c8347f71a867576163a44d027a714", size = 13603795, upload-time = "2025-06-04T19:22:34.984Z" },
]

[[package]]
name = "cw-to-flattened-json"
version = "1.0.0"
source = { virtual = "." }
dependencies = [
    { name = "boto3" },
]

[package.dev-dependencies]
dev = [
    { name = "ruff" },
    { name = "uv" },
]

[package.metadata]
requires-dist = [{ name = "boto3" }]

[package.metadata.requires-dev]
dev = [
    { name = "ruff" },
    { name = "uv" },
]

[[package]]
name = "jmespath"
version = "1.0.1"
source = { registry = "https://pypi.org/simple" }
sdist = { url = "https://files.pythonhosted.org/packages/00/2a/e867e8531cf3e36b41201936b7fa7ba7b5702dbef42922193f05c8976cd6/jmespath-1.0.1.tar.gz", hash = "sha256:90261b206d6defd58fdd5e85f478bf633a2901798906be2ad389150c5c60edbe", size = 25843, upload-time = "2022-06-17T18:00:12.224Z" }
wheels = [
    { url = "https://files.pythonhosted.org/packages/31/b4/b9b800c45527aadd64d5b442f9b932b00648617eb5d63d2c7a6587b7cafc/jmespath-1.0.1-py3-none-any.whl", hash = "sha256:02e2e4cc71b5bcab88332eebf907519190dd9e6e82107fa7f83b1003a6252980", size = 20256, upload-time = "2022-06-17T18:00:10.251Z" },
]

[[package]]
name = "python-dateutil"
version = "2.9.0.post0"
source = { registry = "https://pypi.org/simple" }
dependencies = [
    { name = "six" },
]
sdist = { url = "https://files.pythonhosted.org/packages/66/c0/0c8b6ad9f17a802ee498c46e004a0eb49bc148f2fd230864601a86dcf6db/python-dateutil-2.9.0.post0.tar.gz", hash = "sha256:37dd54208da7e1cd875388217d5e00ebd4179249f90fb72437e91a35459a0ad3", size = 342432, upload-time = "2024-03-01T18:36:20.211Z" }
wheels = [
    { url = "https://files.pythonhosted.org/packages/ec/57/56b9bcc3c9c6a792fcbaf139543cee77261f3651ca9da0c93f5c1221264b/python_dateutil-2.9.0.post0-py2.py3-none-any.whl", hash = "sha256:a8b2bc7bffae282281c8140a97d3aa9c14da0b136dfe83f850eea9a5f7470427", size = 229892, upload-time = "2024-03-01T18:36:18.57Z" },
]

[[package]]
name = "ruff"
version = "0.11.12"
source = { registry = "https://pypi.org/simple" }
sdist = { url = "https://files.pythonhosted.org/packages/15/0a/92416b159ec00cdf11e5882a9d80d29bf84bba3dbebc51c4898bfbca1da6/ruff-0.11.12.tar.gz", hash = "sha256:43cf7f69c7d7c7d7513b9d59c5d8cafd704e05944f978614aa9faff6ac202603", size = 4202289, upload-time = "2025-05-29T13:31:40.037Z" }
wheels = [
    { url = "https://files.pythonhosted.org/packages/60/cc/53eb79f012d15e136d40a8e8fc519ba8f55a057f60b29c2df34efd47c6e3/ruff-0.11.12-py3-none-linux_armv6l.whl", hash = "sha256:c7680aa2f0d4c4f43353d1e72123955c7a2159b8646cd43402de6d4a3a25d7cc", size = 10285597, upload-time = "2025-05-29T13:30:57.539Z" },
    { url = "https://files.pythonhosted.org/packages/e7/d7/73386e9fb0232b015a23f62fea7503f96e29c29e6c45461d4a73bac74df9/ruff-0.11.12-py3-none-macosx_10_12_x86_64.whl", hash = "sha256:2cad64843da9f134565c20bcc430642de897b8ea02e2e79e6e02a76b8dcad7c3", size = 11053154, upload-time = "2025-05-29T13:31:00.865Z" },
    { url = "https://files.pythonhosted.org/packages/4e/eb/3eae144c5114e92deb65a0cb2c72326c8469e14991e9bc3ec0349da1331c/ruff-0.11.12-py3-none-macosx_11_0_arm64.whl", hash = "sha256:9b6886b524a1c659cee1758140138455d3c029783d1b9e643f3624a5ee0cb0aa", size = 10403048, upload-time = "2025-05-29T13:31:03.413Z" },
    { url = "https://files.pythonhosted.org/packages/29/64/20c54b20e58b1058db6689e94731f2a22e9f7abab74e1a758dfba058b6ca/ruff-0.11.12-py3-none-manylinux_2_17_aarch64.manylinux2014_aarch64.whl", hash = "sha256:3cc3a3690aad6e86c1958d3ec3c38c4594b6ecec75c1f531e84160bd827b2012", size = 10597062, upload-time = "2025-05-29T13:31:05.539Z" },
    { url = "https://files.pythonhosted.org/packages/29/3a/79fa6a9a39422a400564ca7233a689a151f1039110f0bbbabcb38106883a/ruff-0.11.12-py3-none-manylinux_2_17_armv7l.manylinux2014_armv7l.whl", hash = "sha256:f97fdbc2549f456c65b3b0048560d44ddd540db1f27c778a938371424b49fe4a", size = 10155152, upload-time = "2025-05-29T13:31:07.986Z" },
    { url = "https://files.pythonhosted.org/packages/e5/a4/22c2c97b2340aa968af3a39bc38045e78d36abd4ed3fa2bde91c31e712e3/ruff-0.11.12-py3-none-manylinux_2_17_i686.manylinux2014_i686.whl", hash = "sha256:74adf84960236961090e2d1348c1a67d940fd12e811a33fb3d107df61eef8fc7", size = 11723067, upload-time = "2025-05-29T13:31:10.57Z" },
    { url = "https://files.pythonhosted.org/packages/bc/cf/3e452fbd9597bcd8058856ecd42b22751749d07935793a1856d988154151/ruff-0.11.12-py3-none-manylinux_2_17_ppc64.manylinux2014_ppc64.whl", hash = "sha256:b56697e5b8bcf1d61293ccfe63873aba08fdbcbbba839fc046ec5926bdb25a3a", size = 12460807, upload-time = "2025-05-29T13:31:12.88Z" },
    { url = "https://files.pythonhosted.org/packages/2f/ec/8f170381a15e1eb7d93cb4feef8d17334d5a1eb33fee273aee5d1f8241a3/ruff-0.11.12-py3-none-manylinux_2_17_ppc64le.manylinux2014_ppc64le.whl", hash = "sha256:4d47afa45e7b0eaf5e5969c6b39cbd108be83910b5c74626247e366fd7a36a13", size = 12063261, upload-time = "2025-05-29T13:31:15.236Z" },
    { url = "https://files.pythonhosted.org/packages/0d/bf/57208f8c0a8153a14652a85f4116c0002148e83770d7a41f2e90b52d2b4e/ruff-0.11.12-py3-none-manylinux_2_17_s390x.manylinux2014_s390x.whl", hash = "sha256:692bf9603fe1bf949de8b09a2da896f05c01ed7a187f4a386cdba6760e7f61be", size = 11329601, upload-time = "2025-05-29T13:31:18.68Z" },
    { url = "https://files.pythonhosted.org/packages/c3/56/edf942f7fdac5888094d9ffa303f12096f1a93eb46570bcf5f14c0c70880/ruff-0.11.12-py3-none-manylinux_2_17_x86_64.manylinux2014_x86_64.whl", hash = "sha256:08033320e979df3b20dba567c62f69c45e01df708b0f9c83912d7abd3e0801cd", size = 11522186, upload-time = "2025-05-29T13:31:21.216Z" },
    { url = "https://files.pythonhosted.org/packages/ed/63/79ffef65246911ed7e2290aeece48739d9603b3a35f9529fec0fc6c26400/ruff-0.11.12-py3-none-musllinux_1_2_aarch64.whl", hash = "sha256:929b7706584f5bfd61d67d5070f399057d07c70585fa8c4491d78ada452d3bef", size = 10449032, upload-time = "2025-05-29T13:31:23.417Z" },
    { url = "https://files.pythonhosted.org/packages/88/19/8c9d4d8a1c2a3f5a1ea45a64b42593d50e28b8e038f1aafd65d6b43647f3/ruff-0.11.12-py3-none-musllinux_1_2_armv7l.whl", hash = "sha256:7de4a73205dc5756b8e09ee3ed67c38312dce1aa28972b93150f5751199981b5", size = 10129370, upload-time = "2025-05-29T13:31:25.777Z" },
    { url = "https://files.pythonhosted.org/packages/bc/0f/2d15533eaa18f460530a857e1778900cd867ded67f16c85723569d54e410/ruff-0.11.12-py3-none-musllinux_1_2_i686.whl", hash = "sha256:2635c2a90ac1b8ca9e93b70af59dfd1dd2026a40e2d6eebaa3efb0465dd9cf02", size = 11123529, upload-time = "2025-05-29T13:31:28.396Z" },
    { url = "https://files.pythonhosted.org/packages/4f/e2/4c2ac669534bdded835356813f48ea33cfb3a947dc47f270038364587088/ruff-0.11.12-py3-none-musllinux_1_2_x86_64.whl", hash = "sha256:d05d6a78a89166f03f03a198ecc9d18779076ad0eec476819467acb401028c0c", size = 11577642, upload-time = "2025-05-29T13:31:30.647Z" },
    { url = "https://files.pythonhosted.org/packages/a7/9b/c9ddf7f924d5617a1c94a93ba595f4b24cb5bc50e98b94433ab3f7ad27e5/ruff-0.11.12-py3-none-win32.whl", hash = "sha256:f5a07f49767c4be4772d161bfc049c1f242db0cfe1bd976e0f0886732a4765d6", size = 10475511, upload-time = "2025-05-29T13:31:32.917Z" },
    { url = "https://files.pythonhosted.org/packages/fd/d6/74fb6d3470c1aada019ffff33c0f9210af746cca0a4de19a1f10ce54968a/ruff-0.11.12-py3-none-win_amd64.whl", hash = "sha256:5a4d9f8030d8c3a45df201d7fb3ed38d0219bccd7955268e863ee4a115fa0832", size = 11523573, upload-time = "2025-05-29T13:31:35.782Z" },
    { url = "https://files.pythonhosted.org/packages/44/42/d58086ec20f52d2b0140752ae54b355ea2be2ed46f914231136dd1effcc7/ruff-0.11.12-py3-none-win_arm64.whl", hash = "sha256:65194e37853158d368e333ba282217941029a28ea90913c67e558c611d04daa5", size = 10697770, upload-time = "2025-05-29T13:31:38.009Z" },
]

[[package]]
name = "s3transfer"
version = "0.13.0"
source = { registry = "https://pypi.org/simple" }
dependencies = [
    { name = "botocore" },
]
sdist = { url = "https://files.pythonhosted.org/packages/ed/5d/9dcc100abc6711e8247af5aa561fc07c4a046f72f659c3adea9a449e191a/s3transfer-0.13.0.tar.gz", hash = "sha256:f5e6db74eb7776a37208001113ea7aa97695368242b364d73e91c981ac522177", size = 150232, upload-time = "2025-05-22T19:24:50.245Z" }
wheels = [
    { url = "https://files.pythonhosted.org/packages/18/17/22bf8155aa0ea2305eefa3a6402e040df7ebe512d1310165eda1e233c3f8/s3transfer-0.13.0-py3-none-any.whl", hash = "sha256:0148ef34d6dd964d0d8cf4311b2b21c474693e57c2e069ec708ce043d2b527be", size = 85152, upload-time = "2025-05-22T19:24:48.703Z" },
]

[[package]]
name = "six"
version = "1.17.0"
source = { registry = "https://pypi.org/simple" }
sdist = { url = "https://files.pythonhosted.org/packages/94/e7/b2c673351809dca68a0e064b6af791aa332cf192da575fd474ed7d6f16a2/six-1.17.0.tar.gz", hash = "sha256:ff70335d468e7eb6ec65b95b99d3a2836546063f63acc5171de367e834932a81", size = 34031, upload-time = "2024-12-04T17:35:28.174Z" }
wheels = [
    { url = "https://files.pythonhosted.org/packages/b7/ce/149a00dd41f10bc29e5921b496af8b574d8413afcd5e30dfa0ed46c2cc5e/six-1.17.0-py2.py3-none-any.whl", hash = "sha256:4721f391ed90541fddacab5acf947aa0d3dc7d27b2e1e8eda2be8970586c3274", size = 11050, upload-time = "2024-12-04T17:35:26.475Z" },
]

[[package]]
name = "urllib3"
version = "2.7.0"
source = { registry = "https://pypi.org/simple" }
sdist = { url = "https://files.pythonhosted.org/packages/53/0c/06f8b233b8fd13b9e5ee11424ef85419ba0d8ba0b3138bf360be2ff56953/urllib3-2.7.0.tar.gz", hash = "sha256:231e0ec3b63ceb14667c67be60f2f2c40a518cb38b03af60abc813da26505f4c", size = 433602, upload-time = "2026-05-07T16:13:18.596Z" }
wheels = [
    { url = "https://files.pythonhosted.org/packages/7f/3e/5db95bcf282c52709639744ca2a8b149baccf648e39c8cc87553df9eae0c/urllib3-2.7.0-py3-none-any.whl", hash = "sha256:9fb4c81ebbb1ce9531cce37674bbc6f1360472bc18ca9a553ede278ef7276897", size = 131087, upload-time = "2026-05-07T16:13:17.151Z" },
]

[[package]]
name = "uv"
version = "0.11.15"
source = { registry = "https://pypi.org/simple" }
sdist = { url = "https://files.pythonhosted.org/packages/da/34/609d5d01ba21dc8f0974610ca7802fbb2c946a0c38665cfe5c5aeddbefb5/uv-0.11.15.tar.gz", hash = "sha256:755f959ec6a2fd8ccb6ee76ad90ab759d2eb1f4797444078645dd1ee4bca92d6", size = 4159545, upload-time = "2026-05-18T19:57:48.133Z" }
wheels = [
    { url = "https://files.pythonhosted.org/packages/a6/7c/dcc230c5911884d8848145dabcac8fb95a5ed6f9fe1c57fae8242618f28a/uv-0.11.15-py3-none-linux_armv6l.whl", hash = "sha256:83b04ab49514a0a761ffedb36a748ee81f87746671e72088e5f32c9585e5f1a9", size = 23110183, upload-time = "2026-05-18T19:57:23.051Z" },
    { url = "https://files.pythonhosted.org/packages/f4/f3/efd4e044b60eb9c3c12ee386be098d56c335538ccec7caa49349cfba9344/uv-0.11.15-py3-none-macosx_10_12_x86_64.whl", hash = "sha256:b6cae61f737be075b90be9e3f07d961072aed7019f4c9b8ed5c5d41c4d6cade3", size = 22637941, upload-time = "2026-05-18T19:57:26.752Z" },
    { url = "https://files.pythonhosted.org/packages/a6/b8/48627f895a1569e576822e0a8416aa4797eb4a4551de21a4ad97b9b5819d/uv-0.11.15-py3-none-macosx_11_0_arm64.whl", hash = "sha256:9accae33619a9166e5c48531deb455d672cfb89f9357a00975e669c76b0bd49f", size = 21258803, upload-time = "2026-05-18T19:57:05.473Z" },
    { url = "https://files.pythonhosted.org/packages/af/50/4bc8a148274feabee2d9c9f1fa15009e10c0228dfe57981ee3ea2ef1d481/uv-0.11.15-py3-none-manylinux_2_17_aarch64.manylinux2014_aarch64.musllinux_1_1_aarch64.whl", hash = "sha256:c0cf52cd6d50bb9e05e2d968f45f80761107e4cbc8d4a26d9758f9d8274aaec1", size = 23066178, upload-time = "2026-05-18T19:57:33.058Z" },
    { url = "https://files.pythonhosted.org/packages/a9/56/139fc3bec9a8b0a25bfe2196123adb9f16124da437bf4fbcf0d21cfcafb2/uv-0.11.15-py3-none-manylinux_2_17_armv7l.manylinux2014_armv7l.musllinux_1_1_armv7l.whl", hash = "sha256:49dc6ed70bff00937384f96cdc4b1a4742d18e5504ec2c4a1214dba2dee5687a", size = 22705332, upload-time = "2026-05-18T19:57:36.714Z" },
    { url = "https://files.pythonhosted.org/packages/ca/b0/b18b3dd204f8c213236a1ebd148e009861637129a8cce34df0e9aa22ed40/uv-0.11.15-py3-none-manylinux_2_17_armv7l.manylinux2014_armv7l.whl", hash = "sha256:adb9a89352539fdd8f7cd5f9966cf9f94fc5b98e0ccdf5003a04123dc6423bec", size = 22707534, upload-time = "2026-05-18T19:58:04.117Z" },
    { url = "https://files.pythonhosted.org/packages/76/36/3ca09f95572df99d361b49c96b1297149e96e120d8d1ecf074095a4b6da4/uv-0.11.15-py3-none-manylinux_2_17_i686.manylinux2014_i686.whl", hash = "sha256:40ff67e3f8e8a7533781a2e892a534975a93acb83ea35460e64e7b2bf2111774", size = 24096607, upload-time = "2026-05-18T19:58:11.625Z" },
    { url = "https://files.pythonhosted.org/packages/64/be/3bdee21a296bbf5336a526e3613d0e7d4538dacc39c62d7fcba55d15f6b0/uv-0.11.15-py3-none-manylinux_2_17_ppc64le.manylinux2014_ppc64le.whl", hash = "sha256:c6463a299ed7e6b5a800ed6f108af8e1588352629424133ddef7572b0e1e1118", size = 25082562, upload-time = "2026-05-18T19:57:40.69Z" },
    { url = "https://files.pythonhosted.org/packages/cd/73/f371f3689ffe741066468d001d85f739fc4b5574de83b639ef19b5e8a7f4/uv-0.11.15-py3-none-manylinux_2_17_s390x.manylinux2014_s390x.whl", hash = "sha256:68c1e62d4b78578b90b833553286b65d6a7e327537716441068583ba652ec4f5", size = 24253391, upload-time = "2026-05-18T19:57:18.47Z" },
    { url = "https://files.pythonhosted.org/packages/d3/16/fe392d618af6b00c064b3e718d585dcf791546a77c5123a5bec07ce53a0a/uv-0.11.15-py3-none-manylinux_2_17_x86_64.manylinux2014_x86_64.whl", hash = "sha256:98edf1bdaf82447014852051d93e3ee95012509c567bf057fd117e6bdbd9a807", size = 24415871, upload-time = "2026-05-18T19:58:19.651Z" },
    { url = "https://files.pythonhosted.org/packages/6e/24/2e92a052fb6334fcd746d1c7cb57847c204b118c84f5da53c0f9e129f7b7/uv-0.11.15-py3-none-manylinux_2_28_aarch64.whl", hash = "sha256:be8f76d25bcf4c92bb384240ac1bf9aa7f51063d0bdeca4c9cf0ec3ed8b145e0", size = 23159007, upload-time = "2026-05-18T19:57:10.653Z" },
    { url = "https://files.pythonhosted.org/packages/3d/2e/6923d0658d164bb2c435ed1868aa2d49b3074594679917a001ff92dc95bb/uv-0.11.15-py3-none-manylinux_2_31_riscv64.musllinux_1_1_riscv64.whl", hash = "sha256:f9f4fbbf4fe485522054f3c7496c6e8e932d6436e4200ff3daf718db0b7c7bd5", size = 23769385, upload-time = "2026-05-18T19:58:15.856Z" },
    { url = "https://files.pythonhosted.org/packages/a4/99/7e34cd949e57360814e8064cc9fb7104df445d0f6a663504e5f7473480aa/uv-0.11.15-py3-none-manylinux_2_31_riscv64.whl", hash = "sha256:0ed920e896b2fd13a35031707e307e42fbb2681458b967440a17272d86d49137", size = 23860973, upload-time = "2026-05-18T19:57:55.575Z" },
    { url = "https://files.pythonhosted.org/packages/28/98/8fe1f5f9d816e94569a0298dd8e0936801097625fa1952162951f0d628b6/uv-0.11.15-py3-none-musllinux_1_1_i686.whl", hash = "sha256:41d907611f3e6a13262807fd7f0a17849f76285ca80f536f6b3943732bdc6656", size = 23431392, upload-time = "2026-05-18T19:57:59.814Z" },
    { url = "https://files.pythonhosted.org/packages/cc/6b/76a1ce2fa860026913a5941700cdc7d715fce9c3277a3fa3489cf2523ca0/uv-0.11.15-py3-none-musllinux_1_1_x86_64.whl", hash = "sha256:e3b68f8bf1a4568710f77e5bda9182ce7682811d89a8e7468c22460e032b234d", size = 24519478, upload-time = "2026-05-18T19:57:51.165Z" },
    { url = "https://files.pythonhosted.org/packages/43/60/1d58e8a05718cb50494763115710b73846cacb651fd735d285233fd72c59/uv-0.11.15-py3-none-win32.whl", hash = "sha256:8e2da3076761086a5b76869c3f38ef0509c836046ef41ddd19485dfd7271dca9", size = 22020178, upload-time = "2026-05-18T19:58:07.64Z" },
    { url = "https://files.pythonhosted.org/packages/55/53/40fcefcb348af660488597ed3c01363df7344e60611f8883750dc596f5c6/uv-0.11.15-py3-none-win_amd64.whl", hash = "sha256:cc3915ab291a1ecaf31de05f5d8bd70d09c66fe9911a53f70d9efa62ff0dbd8a", size = 24668779, upload-time = "2026-05-18T19:57:44.894Z" },
    { url = "https://files.pythonhosted.org/packages/e5/7d/fa3a9960c95af9bbe2a629048760d0b9b4fead8ccd4f2235af747ec7cdf0/uv-0.11.15-py3-none-win_arm64.whl", hash = "sha256:4f39426a13dee24897aed60c4b98058c66f18bd983885ac5f4a54a04b24fbddf", size = 23198178, upload-time = "2026-05-18T19:57:14.68Z" },
]
